// !$*UTF8*$!
{
	archiveVersion = 1;
	classes = {
	};
	objectVersion = 56;
	objects = {

/* Begin PBXBuildFile section */
		CEF774552BA45D6000255EDE /* Cacluator_RealApp.swift in Sources */ = {isa = PBXBuildFile; fileRef = CEF774542BA45D6000255EDE /* Cacluator_RealApp.swift */; };
		CEF774572BA45D6000255EDE /* ContentView.swift in Sources */ = {isa = PBXBuildFile; fileRef = CEF774562BA45D6000255EDE /* ContentView.swift */; };
		CEF774592BA45D6200255EDE /* Assets.xcassets in Resources */ = {isa = PBXBuildFile; fileRef = CEF774582BA45D6200255EDE /* Assets.xcassets */; };
		CEF7745C2BA45D6200255EDE /* Preview Assets.xcassets in Resources */ = {isa = PBXBuildFile; fileRef = CEF7745B2BA45D6200255EDE /* Preview Assets.xcassets */; };
		CEF774662BA45D6200255EDE /* Cacluator_RealTests.swift in Sources */ = {isa = PBXBuildFile; fileRef = CEF774652BA45D6200255EDE /* Cacluator_RealTests.swift */; };
		CEF774702BA45D6200255EDE /* Cacluator_RealUITests.swift in Sources */ = {isa = PBXBuildFile; fileRef = CEF7746F2BA45D6200255EDE /* Cacluator_RealUITests.swift */; };
		CEF774722BA45D6200255EDE /* Cacluator_RealUITestsLaunchTests.swift in Sources */ = {isa = PBXBuildFile; fileRef = CEF774712BA45D6200255EDE /* Cacluator_RealUITestsLaunchTests.swift */; };
		CEF774822BA4966100255EDE /* ButtonModel.swift in Sources */ = {isa = PBXBuildFile; fileRef = CEF774812BA4966100255EDE /* ButtonModel.swift */; };
/* End PBXBuildFile section */

/* Begin PBXContainerItemProxy section */
		CEF774622BA45D6200255EDE /* PBXContainerItemProxy */ = {
			isa = PBXContainerItemProxy;
			containerPortal = CEF774492BA45D6000255EDE /* Project object */;
			proxyType = 1;
			remoteGlobalIDString = CEF774502BA45D6000255EDE;
			remoteInfo = "Cacluator-Real";
		};
		CEF7746C2BA45D6200255EDE /* PBXContainerItemProxy */ = {
			isa = PBXContainerItemProxy;
			containerPortal = CEF774492BA45D6000255EDE /* Project object */;
			proxyType = 1;
			remoteGlobalIDString = CEF774502BA45D6000255EDE;
			remoteInfo = "Cacluator-Real";
		};
/* End PBXContainerItemProxy section */

/* Begin PBXFileReference section */
		CEF774512BA45D6000255EDE /* Cacluator-Real.app */ = {isa = PBXFileReference; explicitFileType = wrapper.application; includeInIndex = 0; path = "Cacluator-Real.app"; sourceTree = BUILT_PRODUCTS_DIR; };
		CEF774542BA45D6000255EDE /* Cacluator_RealApp.swift */ = {isa = PBXFileReference; lastKnownFileType = sourcecode.swift; path = Cacluator_RealApp.swift; sourceTree = "<group>"; };
		CEF774562BA45D6000255EDE /* ContentView.swift */ = {isa = PBXFileReference; lastKnownFileType = sourcecode.swift; path = ContentView.swift; sourceTree = "<group>"; };
		CEF774582BA45D6200255EDE /* Assets.xcassets */ = {isa = PBXFileReference; lastKnownFileType = folder.assetcatalog; path = Assets.xcassets; sourceTree = "<group>"; };
		CEF7745B2BA45D6200255EDE /* Preview Assets.xcassets */ = {isa = PBXFileReference; lastKnownFileType = folder.assetcatalog; path = "Preview Assets.xcassets"; sourceTree = "<group>"; };
		CEF774612BA45D6200255EDE /* Cacluator-RealTests.xctest */ = {isa = PBXFileReference; explicitFileType = wrapper.cfbundle; includeInIndex = 0; path = "Cacluator-RealTests.xctest"; sourceTree = BUILT_PRODUCTS_DIR; };
		CEF774652BA45D6200255EDE /* Cacluator_RealTests.swift */ = {isa = PBXFileReference; lastKnownFileType = sourcecode.swift; path = Cacluator_RealTests.swift; sourceTree = "<group>"; };
		CEF7746B2BA45D6200255EDE /* Cacluator-RealUITests.xctest */ = {isa = PBXFileReference; explicitFileType = wrapper.cfbundle; includeInIndex = 0; path = "Cacluator-RealUITests.xctest"; sourceTree = BUILT_PRODUCTS_DIR; };
		CEF7746F2BA45D6200255EDE /* Cacluator_RealUITests.swift */ = {isa = PBXFileReference; lastKnownFileType = sourcecode.swift; path = Cacluator_RealUITests.swift; sourceTree = "<group>"; };
		CEF774712BA45D6200255EDE /* Cacluator_RealUITestsLaunchTests.swift */ = {isa = PBXFileReference; lastKnownFileType = sourcecode.swift; path = Cacluator_RealUITestsLaunchTests.swift; sourceTree = "<group>"; };
		CEF774812BA4966100255EDE /* ButtonModel.swift */ = {isa = PBXFileReference; lastKnownFileType = sourcecode.swift; path = ButtonModel.swift; sourceTree = "<group>"; };
/* End PBXFileReference section */

/* Begin PBXFrameworksBuildPhase section */
		CEF7744E2BA45D6000255EDE /* Frameworks */ = {
			isa = PBXFrameworksBuildPhase;
			buildActionMask = 2147483647;
			files = (
			);
			runOnlyForDeploymentPostprocessing = 0;
		};
		CEF7745E2BA45D6200255EDE /* Frameworks */ = {
			isa = PBXFrameworksBuildPhase;
			buildActionMask = 2147483647;
			files = (
			);
			runOnlyForDeploymentPostprocessing = 0;
		};
		CEF774682BA45D6200255EDE /* Frameworks */ = {
			isa = PBXFrameworksBuildPhase;
			buildActionMask = 2147483647;
			files = (
			);
			runOnlyForDeploymentPostprocessing = 0;
		};
/* End PBXFrameworksBuildPhase section */

/* Begin PBXGroup section */
		CEF774482BA45D6000255EDE = {
			isa = PBXGroup;
			children = (
				CEF774532BA45D6000255EDE /* Cacluator-Real */,
				CEF774642BA45D6200255EDE /* Cacluator-RealTests */,
				CEF7746E2BA45D6200255EDE /* Cacluator-RealUITests */,
				CEF774522BA45D6000255EDE /* Products */,
			);
			sourceTree = "<group>";
		};
		CEF774522BA45D6000255EDE /* Products */ = {
			isa = PBXGroup;
			children = (
				CEF774512BA45D6000255EDE /* Cacluator-Real.app */,
				CEF774612BA45D6200255EDE /* Cacluator-RealTests.xctest */,
				CEF7746B2BA45D6200255EDE /* Cacluator-RealUITests.xctest */,
			);
			name = Products;
			sourceTree = "<group>";
		};
		CEF774532BA45D6000255EDE /* Cacluator-Real */ = {
			isa = PBXGroup;
			children = (
				CEF7747E2BA4934600255EDE /* Models */,
				CEF774542BA45D6000255EDE /* Cacluator_RealApp.swift */,
				CEF774562BA45D6000255EDE /* ContentView.swift */,
				CEF774582BA45D6200255EDE /* Assets.xcassets */,
				CEF7745A2BA45D6200255EDE /* Preview Content */,
			);
			path = "Cacluator-Real";
			sourceTree = "<group>";
		};
		CEF7745A2BA45D6200255EDE /* Preview Content */ = {
			isa = PBXGroup;
			children = (
				CEF7745B2BA45D6200255EDE /* Preview Assets.xcassets */,
			);
			path = "Preview Content";
			sourceTree = "<group>";
		};
		CEF774642BA45D6200255EDE /* Cacluator-RealTests */ = {
			isa = PBXGroup;
			children = (
				CEF774652BA45D6200255EDE /* Cacluator_RealTests.swift */,
			);
			path = "Cacluator-RealTests";
			sourceTree = "<group>";
		};
		CEF7746E2BA45D6200255EDE /* Cacluator-RealUITests */ = {
			isa = PBXGroup;
			children = (
				CEF7746F2BA45D6200255EDE /* Cacluator_RealUITests.swift */,
				CEF774712BA45D6200255EDE /* Cacluator_RealUITestsLaunchTests.swift */,
			);
			path = "Cacluator-RealUITests";
			sourceTree = "<group>";
		};
		CEF7747E2BA4934600255EDE /* Models */ = {
			isa = PBXGroup;
			children = (
				CEF774812BA4966100255EDE /* ButtonModel.swift */,
			);
			path = Models;
			sourceTree = "<group>";
		};
/* End PBXGroup section */

/* Begin PBXNativeTarget section */
		CEF774502BA45D6000255EDE /* Cacluator-Real */ = {
			isa = PBXNativeTarget;
			buildConfigurationList = CEF774752BA45D6200255EDE /* Build configuration list for PBXNativeTarget "Cacluator-Real" */;
			buildPhases = (
				CEF7744D2BA45D6000255EDE /* Sources */,
				CEF7744E2BA45D6000255EDE /* Frameworks */,
				CEF7744F2BA45D6000255EDE /* Resources */,
			);
			buildRules = (
			);
			dependencies = (
			);
			name = "Cacluator-Real";
			productName = "Cacluator-Real";
			productReference = CEF774512BA45D6000255EDE /* Cacluator-Real.app */;
			productType = "com.apple.product-type.application";
		};
		CEF774602BA45D6200255EDE /* Cacluator-RealTests */ = {
			isa = PBXNativeTarget;
			buildConfigurationList = CEF774782BA45D6200255EDE /* Build configuration list for PBXNativeTarget "Cacluator-RealTests" */;
			buildPhases = (
				CEF7745D2BA45D6200255EDE /* Sources */,
				CEF7745E2BA45D6200255EDE /* Frameworks */,
				CEF7745F2BA45D6200255EDE /* Resources */,
			);
			buildRules = (
			);
			dependencies = (
				CEF774632BA45D6200255EDE /* PBXTargetDependency */,
			);
			name = "Cacluator-RealTests";
			productName = "Cacluator-RealTests";
			productReference = CEF774612BA45D6200255EDE /* Cacluator-RealTests.xctest */;
			productType = "com.apple.product-type.bundle.unit-test";
		};
		CEF7746A2BA45D6200255EDE /* Cacluator-RealUITests */ = {
			isa = PBXNativeTarget;
			buildConfigurationList = CEF7747B2BA45D6200255EDE /* Build configuration list for PBXNativeTarget "Cacluator-RealUITests" */;
			buildPhases = (
				CEF774672BA45D6200255EDE /* Sources */,
				CEF774682BA45D6200255EDE /* Frameworks */,
				CEF774692BA45D6200255EDE /* Resources */,
			);
			buildRules = (
			);
			dependencies = (
				CEF7746D2BA45D6200255EDE /* PBXTargetDependency */,
			);
			name = "Cacluator-RealUITests";
			productName = "Cacluator-RealUITests";
			productReference = CEF7746B2BA45D6200255EDE /* Cacluator-RealUITests.xctest */;
			productType = "com.apple.product-type.bundle.ui-testing";
		};
/* End PBXNativeTarget section */

/* Begin PBXProject section */
		CEF774492BA45D6000255EDE /* Project object */ = {
			isa = PBXProject;
			attributes = {
				BuildIndependentTargetsInParallel = 1;
				LastSwiftUpdateCheck = 1530;
				LastUpgradeCheck = 1530;
				TargetAttributes = {
					CEF774502BA45D6000255EDE = {
						CreatedOnToolsVersion = 15.3;
					};
					CEF774602BA45D6200255EDE = {
						CreatedOnToolsVersion = 15.3;
						TestTargetID = CEF774502BA45D6000255EDE;
					};
					CEF7746A2BA45D6200255EDE = {
						CreatedOnToolsVersion = 15.3;
						TestTargetID = CEF774502BA45D6000255EDE;
					};
				};
			};
			buildConfigurationList = CEF7744C2BA45D6000255EDE /* Build configuration list for PBXProject "Cacluator-Real" */;
			compatibilityVersion = "Xcode 14.0";
			developmentRegion = en;
			hasScannedForEncodings = 0;
			knownRegions = (
				en,
				Base,
			);
			mainGroup = CEF774482BA45D6000255EDE;
			productRefGroup = CEF774522BA45D6000255EDE /* Products */;
			projectDirPath = "";
			projectRoot = "";
			targets = (
				CEF774502BA45D6000255EDE /* Cacluator-Real */,
				CEF774602BA45D6200255EDE /* Cacluator-RealTests */,
				CEF7746A2BA45D6200255EDE /* Cacluator-RealUITests */,
			);
		};
/* End PBXProject section */

/* Begin PBXResourcesBuildPhase section */
		CEF7744F2BA45D6000255EDE /* Resources */ = {
			isa = PBXResourcesBuildPhase;
			buildActionMask = 2147483647;
			files = (
				CEF7745C2BA45D6200255EDE /* Preview Assets.xcassets in Resources */,
				CEF774592BA45D6200255EDE /* Assets.xcassets in Resources */,
			);
			runOnlyForDeploymentPostprocessing = 0;
		};
		CEF7745F2BA45D6200255EDE /* Resources */ = {
			isa = PBXResourcesBuildPhase;
			buildActionMask = 2147483647;
			files = (
			);
			runOnlyForDeploymentPostprocessing = 0;
		};
		CEF774692BA45D6200255EDE /* Resources */ = {
			isa = PBXResourcesBuildPhase;
			buildActionMask = 2147483647;
			files = (
			);
			runOnlyForDeploymentPostprocessing = 0;
		};
/* End PBXResourcesBuildPhase section */

/* Begin PBXSourcesBuildPhase section */
		CEF7744D2BA45D6000255EDE /* Sources */ = {
			isa = PBXSourcesBuildPhase;
			buildActionMask = 2147483647;
			files = (
				CEF774572BA45D6000255EDE /* ContentView.swift in Sources */,
				CEF774822BA4966100255EDE /* ButtonModel.swift in Sources */,
				CEF774552BA45D6000255EDE /* Cacluator_RealApp.swift in Sources */,
			);
			runOnlyForDeploymentPostprocessing = 0;
		};
		CEF7745D2BA45D6200255EDE /* Sources */ = {
			isa = PBXSourcesBuildPhase;
			buildActionMask = 2147483647;
			files = (
				CEF774662BA45D6200255EDE /* Cacluator_RealTests.swift in Sources */,
			);
			runOnlyForDeploymentPostprocessing = 0;
		};
		CEF774672BA45D6200255EDE /* Sources */ = {
			isa = PBXSourcesBuildPhase;
			buildActionMask = 2147483647;
			files = (
				CEF774702BA45D6200255EDE /* Cacluator_RealUITests.swift in Sources */,
				CEF774722BA45D6200255EDE /* Cacluator_RealUITestsLaunchTests.swift in Sources */,
			);
			runOnlyForDeploymentPostprocessing = 0;
		};
/* End PBXSourcesBuildPhase section */

/* Begin PBXTargetDependency section */
		CEF774632BA45D6200255EDE /* PBXTargetDependency */ = {
			isa = PBXTargetDependency;
			target = CEF774502BA45D6000255EDE /* Cacluator-Real */;
			targetProxy = CEF774622BA45D6200255EDE /* PBXContainerItemProxy */;
		};
		CEF7746D2BA45D6200255EDE /* PBXTargetDependency */ = {
			isa = PBXTargetDependency;
			target = CEF774502BA45D6000255EDE /* Cacluator-Real */;
			targetProxy = CEF7746C2BA45D6200255EDE /* PBXContainerItemProxy */;
		};
/* End PBXTargetDependency section */

/* Begin XCBuildConfiguration section */
		CEF774732BA45D6200255EDE /* Debug */ = {
			isa = XCBuildConfiguration;
			buildSettings = {
				ALWAYS_SEARCH_USER_PATHS = NO;
				ASSETCATALOG_COMPILER_GENERATE_SWIFT_ASSET_SYMBOL_EXTENSIONS = YES;
				CLANG_ANALYZER_NONNULL = YES;
				CLANG_ANALYZER_NUMBER_OBJECT_CONVERSION = YES_AGGRESSIVE;
				CLANG_CXX_LANGUAGE_STANDARD = "gnu++20";
				CLANG_ENABLE_MODULES = YES;
				CLANG_ENABLE_OBJC_ARC = YES;
				CLANG_ENABLE_OBJC_WEAK = YES;
				CLANG_WARN_BLOCK_CAPTURE_AUTORELEASING = YES;
				CLANG_WARN_BOOL_CONVERSION = YES;
				CLANG_WARN_COMMA = YES;
				CLANG_WARN_CONSTANT_CONVERSION = YES;
				CLANG_WARN_DEPRECATED_OBJC_IMPLEMENTATIONS = YES;
				CLANG_WARN_DIRECT_OBJC_ISA_USAGE = YES_ERROR;
				CLANG_WARN_DOCUMENTATION_COMMENTS = YES;
				CLANG_WARN_EMPTY_BODY = YES;
				CLANG_WARN_ENUM_CONVERSION = YES;
				CLANG_WARN_INFINITE_RECURSION = YES;
				CLANG_WARN_INT_CONVERSION = YES;
				CLANG_WARN_NON_LITERAL_NULL_CONVERSION = YES;
				CLANG_WARN_OBJC_IMPLICIT_RETAIN_SELF = YES;
				CLANG_WARN_OBJC_LITERAL_CONVERSION = YES;
				CLANG_WARN_OBJC_ROOT_CLASS = YES_ERROR;
				CLANG_WARN_QUOTED_INCLUDE_IN_FRAMEWORK_HEADER = YES;
				CLANG_WARN_RANGE_LOOP_ANALYSIS = YES;
				CLANG_WARN_STRICT_PROTOTYPES = YES;
				CLANG_WARN_SUSPICIOUS_MOVE = YES;
				CLANG_WARN_UNGUARDED_AVAILABILITY = YES_AGGRESSIVE;
				CLANG_WARN_UNREACHABLE_CODE = YES;
				CLANG_WARN__DUPLICATE_METHOD_MATCH = YES;
				COPY_PHASE_STRIP = NO;
				DEBUG_INFORMATION_FORMAT = dwarf;
				ENABLE_STRICT_OBJC_MSGSEND = YES;
				ENABLE_TESTABILITY = YES;
				ENABLE_USER_SCRIPT_SANDBOXING = YES;
				GCC_C_LANGUAGE_STANDARD = gnu17;
				GCC_DYNAMIC_NO_PIC = NO;
				GCC_NO_COMMON_BLOCKS = YES;
				GCC_OPTIMIZATION_LEVEL = 0;
				GCC_PREPROCESSOR_DEFINITIONS = (
					"DEBUG=1",
					"$(inherited)",
				);
				GCC_WARN_64_TO_32_BIT_CONVERSION = YES;
				GCC_WARN_ABOUT_RETURN_TYPE = YES_ERROR;
				GCC_WARN_UNDECLARED_SELECTOR = YES;
				GCC_WARN_UNINITIALIZED_AUTOS = YES_AGGRESSIVE;
				GCC_WARN_UNUSED_FUNCTION = YES;
				GCC_WARN_UNUSED_VARIABLE = YES;
				IPHONEOS_DEPLOYMENT_TARGET = 17.4;
				LOCALIZATION_PREFERS_STRING_CATALOGS = YES;
				MTL_ENABLE_DEBUG_INFO = INCLUDE_SOURCE;
				MTL_FAST_MATH = YES;
				ONLY_ACTIVE_ARCH = YES;
				SDKROOT = iphoneos;
				SWIFT_ACTIVE_COMPILATION_CONDITIONS = "DEBUG $(inherited)";
				SWIFT_OPTIMIZATION_LEVEL = "-Onone";
			};
			name = Debug;
		};
		CEF774742BA45D6200255EDE /* Release */ = {
			isa = XCBuildConfiguration;
			buildSettings = {
				ALWAYS_SEARCH_USER_PATHS = NO;
				ASSETCATALOG_COMPILER_GENERATE_SWIFT_ASSET_SYMBOL_EXTENSIONS = YES;
				CLANG_ANALYZER_NONNULL = YES;
				CLANG_ANALYZER_NUMBER_OBJECT_CONVERSION = YES_AGGRESSIVE;
				CLANG_CXX_LANGUAGE_STANDARD = "gnu++20";
				CLANG_ENABLE_MODULES = YES;
				CLANG_ENABLE_OBJC_ARC = YES;
				CLANG_ENABLE_OBJC_WEAK = YES;
				CLANG_WARN_BLOCK_CAPTURE_AUTORELEASING = YES;
				CLANG_WARN_BOOL_CONVERSION = YES;
				CLANG_WARN_COMMA = YES;
				CLANG_WARN_CONSTANT_CONVERSION = YES;
				CLANG_WARN_DEPRECATED_OBJC_IMPLEMENTATIONS = YES;
				CLANG_WARN_DIRECT_OBJC_ISA_USAGE = YES_ERROR;
				CLANG_WARN_DOCUMENTATION_COMMENTS = YES;
				CLANG_WARN_EMPTY_BODY = YES;
				CLANG_WARN_ENUM_CONVERSION = YES;
				CLANG_WARN_INFINITE_RECURSION = YES;
				CLANG_WARN_INT_CONVERSION = YES;
				CLANG_WARN_NON_LITERAL_NULL_CONVERSION = YES;
				CLANG_WARN_OBJC_IMPLICIT_RETAIN_SELF = YES;
				CLANG_WARN_OBJC_LITERAL_CONVERSION = YES;
				CLANG_WARN_OBJC_ROOT_CLASS = YES_ERROR;
				CLANG_WARN_QUOTED_INCLUDE_IN_FRAMEWORK_HEADER = YES;
				CLANG_WARN_RANGE_LOOP_ANALYSIS = YES;
				CLANG_WARN_STRICT_PROTOTYPES = YES;
				CLANG_WARN_SUSPICIOUS_MOVE = YES;
				CLANG_WARN_UNGUARDED_AVAILABILITY = YES_AGGRESSIVE;
				CLANG_WARN_UNREACHABLE_CODE = YES;
				CLANG_WARN__DUPLICATE_METHOD_MATCH = YES;
				COPY_PHASE_STRIP = NO;
				DEBUG_INFORMATION_FORMAT = "dwarf-with-dsym";
				ENABLE_NS_ASSERTIONS = NO;
				ENABLE_STRICT_OBJC_MSGSEND = YES;
				ENABLE_USER_SCRIPT_SANDBOXING = YES;
				GCC_C_LANGUAGE_STANDARD = gnu17;
				GCC_NO_COMMON_BLOCKS = YES;
				GCC_WARN_64_TO_32_BIT_CONVERSION = YES;
				GCC_WARN_ABOUT_RETURN_TYPE = YES_ERROR;
				GCC_WARN_UNDECLARED_SELECTOR = YES;
				GCC_WARN_UNINITIALIZED_AUTOS = YES_AGGRESSIVE;
				GCC_WARN_UNUSED_FUNCTION = YES;
				GCC_WARN_UNUSED_VARIABLE = YES;
				IPHONEOS_DEPLOYMENT_TARGET = 17.4;
				LOCALIZATION_PREFERS_STRING_CATALOGS = YES;
				MTL_ENABLE_DEBUG_INFO = NO;
				MTL_FAST_MATH = YES;
				SDKROOT = iphoneos;
				SWIFT_COMPILATION_MODE = wholemodule;
				VALIDATE_PRODUCT = YES;
			};
			name = Release;
		};
		CEF774762BA45D6200255EDE /* Debug */ = {
			isa = XCBuildConfiguration;
			buildSettings = {
				ASSETCATALOG_COMPILER_APPICON_NAME = AppIcon;
				ASSETCATALOG_COMPILER_GLOBAL_ACCENT_COLOR_NAME = AccentColor;
				CODE_SIGN_STYLE = Automatic;
				CURRENT_PROJECT_VERSION = 1;
				DEVELOPMENT_ASSET_PATHS = "\"Cacluator-Real/Preview Content\"";
				ENABLE_PREVIEWS = YES;
				GENERATE_INFOPLIST_FILE = YES;
				INFOPLIST_KEY_UIApplicationSceneManifest_Generation = YES;
				INFOPLIST_KEY_UIApplicationSupportsIndirectInputEvents = YES;
				INFOPLIST_KEY_UILaunchScreen_Generation = YES;
				INFOPLIST_KEY_UISupportedInterfaceOrientations_iPad = "UIInterfaceOrientationPortrait UIInterfaceOrientationPortraitUpsideDown UIInterfaceOrientationLandscapeLeft UIInterfaceOrientationLandscapeRight";
				INFOPLIST_KEY_UISupportedInterfaceOrientations_iPhone = "UIInterfaceOrientationPortrait UIInterfaceOrientationLandscapeLeft UIInterfaceOrientationLandscapeRight";
				LD_RUNPATH_SEARCH_PATHS = (
					"$(inherited)",
					"@executable_path/Frameworks",
				);
				MARKETING_VERSION = 1.0;
				PRODUCT_BUNDLE_IDENTIFIER = "com.my.Cacluator-Real";
				PRODUCT_NAME = "$(TARGET_NAME)";
				SWIFT_EMIT_LOC_STRINGS = YES;
				SWIFT_VERSION = 5.0;
				TARGETED_DEVICE_FAMILY = "1,2";
			};
			name = Debug;
		};
		CEF774772BA45D6200255EDE /* Release */ = {
			isa = XCBuildConfiguration;
			buildSettings = {
				ASSETCATALOG_COMPILER_APPICON_NAME = AppIcon;
				ASSETCATALOG_COMPILER_GLOBAL_ACCENT_COLOR_NAME = AccentColor;
				CODE_SIGN_STYLE = Automatic;
				CURRENT_PROJECT_VERSION = 1;
				DEVELOPMENT_ASSET_PATHS = "\"Cacluator-Real/Preview Content\"";
				ENABLE_PREVIEWS = YES;
				GENERATE_INFOPLIST_FILE = YES;
				INFOPLIST_KEY_UIApplicationSceneManifest_Generation = YES;
				INFOPLIST_KEY_UIApplicationSupportsIndirectInputEvents = YES;
				INFOPLIST_KEY_UILaunchScreen_Generation = YES;
				INFOPLIST_KEY_UISupportedInterfaceOrientations_iPad = "UIInterfaceOrientationPortrait UIInterfaceOrientationPortraitUpsideDown UIInterfaceOrientationLandscapeLeft UIInterfaceOrientationLandscapeRight";
				INFOPLIST_KEY_UISupportedInterfaceOrientations_iPhone = "UIInterfaceOrientationPortrait UIInterfaceOrientationLandscapeLeft UIInterfaceOrientationLandscapeRight";
				LD_RUNPATH_SEARCH_PATHS = (
					"$(inherited)",
					"@executable_path/Frameworks",
				);
				MARKETING_VERSION = 1.0;
				PRODUCT_BUNDLE_IDENTIFIER = "com.my.Cacluator-Real";
				PRODUCT_NAME = "$(TARGET_NAME)";
				SWIFT_EMIT_LOC_STRINGS = YES;
				SWIFT_VERSION = 5.0;
				TARGETED_DEVICE_FAMILY = "1,2";
			};
			name = Release;
		};
		CEF774792BA45D6200255EDE /* Debug */ = {
			isa = XCBuildConfiguration;
			buildSettings = {
				ALWAYS_EMBED_SWIFT_STANDARD_LIBRARIES = YES;
				BUNDLE_LOADER = "$(TEST_HOST)";
				CODE_SIGN_STYLE = Automatic;
				CURRENT_PROJECT_VERSION = 1;
				GENERATE_INFOPLIST_FILE = YES;
				IPHONEOS_DEPLOYMENT_TARGET = 17.4;
				MARKETING_VERSION = 1.0;
				PRODUCT_BUNDLE_IDENTIFIER = "com.my.Cacluator-RealTests";
				PRODUCT_NAME = "$(TARGET_NAME)";
				SWIFT_EMIT_LOC_STRINGS = NO;
				SWIFT_VERSION = 5.0;
				TARGETED_DEVICE_FAMILY = "1,2";
				TEST_HOST = "$(BUILT_PRODUCTS_DIR)/Cacluator-Real.app/$(BUNDLE_EXECUTABLE_FOLDER_PATH)/Cacluator-Real";
			};
			name = Debug;
		};
		CEF7747A2BA45D6200255EDE /* Release */ = {
			isa = XCBuildConfiguration;
			buildSettings = {
				ALWAYS_EMBED_SWIFT_STANDARD_LIBRARIES = YES;
				BUNDLE_LOADER = "$(TEST_HOST)";
				CODE_SIGN_STYLE = Automatic;
				CURRENT_PROJECT_VERSION = 1;
				GENERATE_INFOPLIST_FILE = YES;
				IPHONEOS_DEPLOYMENT_TARGET = 17.4;
				MARKETING_VERSION = 1.0;
				PRODUCT_BUNDLE_IDENTIFIER = "com.my.Cacluator-RealTests";
				PRODUCT_NAME = "$(TARGET_NAME)";
				SWIFT_EMIT_LOC_STRINGS = NO;
				SWIFT_VERSION = 5.0;
				TARGETED_DEVICE_FAMILY = "1,2";
				TEST_HOST = "$(BUILT_PRODUCTS_DIR)/Cacluator-Real.app/$(BUNDLE_EXECUTABLE_FOLDER_PATH)/Cacluator-Real";
			};
			name = Release;
		};
		CEF7747C2BA45D6200255EDE /* Debug */ = {
			isa = XCBuildConfiguration;
			buildSettings = {
				ALWAYS_EMBED_SWIFT_STANDARD_LIBRARIES = YES;
				CODE_SIGN_STYLE = Automatic;
				CURRENT_PROJECT_VERSION = 1;
				GENERATE_INFOPLIST_FILE = YES;
				MARKETING_VERSION = 1.0;
				PRODUCT_BUNDLE_IDENTIFIER = "com.my.Cacluator-RealUITests";
				PRODUCT_NAME = "$(TARGET_NAME)";
				SWIFT_EMIT_LOC_STRINGS = NO;
				SWIFT_VERSION = 5.0;
				TARGETED_DEVICE_FAMILY = "1,2";
				TEST_TARGET_NAME = "Cacluator-Real";
			};
			name = Debug;
		};
		CEF7747D2BA45D6200255EDE /* Release */ = {
			isa = XCBuildConfiguration;
			buildSettings = {
				ALWAYS_EMBED_SWIFT_STANDARD_LIBRARIES = YES;
				CODE_SIGN_STYLE = Automatic;
				CURRENT_PROJECT_VERSION = 1;
				GENERATE_INFOPLIST_FILE = YES;
				MARKETING_VERSION = 1.0;
				PRODUCT_BUNDLE_IDENTIFIER = "com.my.Cacluator-RealUITests";
				PRODUCT_NAME = "$(TARGET_NAME)";
				SWIFT_EMIT_LOC_STRINGS = NO;
				SWIFT_VERSION = 5.0;
				TARGETED_DEVICE_FAMILY = "1,2";
				TEST_TARGET_NAME = "Cacluator-Real";
			};
			name = Release;
		};
/* End XCBuildConfiguration section */

/* Begin XCConfigurationList section */
		CEF7744C2BA45D6000255EDE /* Build configuration list for PBXProject "Cacluator-Real" */ = {
			isa = XCConfigurationList;
			buildConfigurations = (
				CEF774732BA45D6200255EDE /* Debug */,
				CEF774742BA45D6200255EDE /* Release */,
			);
			defaultConfigurationIsVisible = 0;
			defaultConfigurationName = Release;
		};
		CEF774752BA45D6200255EDE /* Build configuration list for PBXNativeTarget "Cacluator-Real" */ = {
			isa = XCConfigurationList;
			buildConfigurations = (
				CEF774762BA45D6200255EDE /* Debug */,
				CEF774772BA45D6200255EDE /* Release */,
			);
			defaultConfigurationIsVisible = 0;
			defaultConfigurationName = Release;
		};
		CEF774782BA45D6200255EDE /* Build configuration list for PBXNativeTarget "Cacluator-RealTests" */ = {
			isa = XCConfigurationList;
			buildConfigurations = (
				CEF774792BA45D6200255EDE /* Debug */,
				CEF7747A2BA45D6200255EDE /* Release */,
			);
			defaultConfigurationIsVisible = 0;
			defaultConfigurationName = Release;
		};
		CEF7747B2BA45D6200255EDE /* Build configuration list for PBXNativeTarget "Cacluator-RealUITests" */ = {
			isa = XCConfigurationList;
			buildConfigurations = (
				CEF7747C2BA45D6200255EDE /* Debug */,
				CEF7747D2BA45D6200255EDE /* Release */,
			);
			defaultConfigurationIsVisible = 0;
			defaultConfigurationName = Release;
		};
/* End XCConfigurationList section */
	};
	rootObject = CEF774492BA45D6000255EDE /* Project object */;
}
